<?xml version="1.0" encoding="utf-8"?>
<Project ToolsVersion="4.0" xmlns="http://schemas.microsoft.com/developer/msbuild/2003">
  <ItemGroup>
    <Filter Include="Source Files">
      <UniqueIdentifier>{4FC737F1-C7A5-4376-A066-2A32D752A2FF}</UniqueIdentifier>
      <Extensions>cpp;c;cc;cxx;def;odl;idl;hpj;bat;asm;asmx</Extensions>
    </Filter>
    <Filter Include="Header Files">
      <UniqueIdentifier>{93995380-89BD-4b04-88EB-625FBE52EBFB}</UniqueIdentifier>
      <Extensions>h;hh;hpp;hxx;hm;inl;inc;xsd</Extensions>
    </Filter>
    <Filter Include="Resource Files">
      <UniqueIdentifier>{67DA6AB6-F800-4c08-8B7A-83BB121AAD01}</UniqueIdentifier>
      <Extensions>rc;ico;cur;bmp;dlg;rc2;rct;bin;rgs;gif;jpg;jpeg;jpe;resx;tiff;tif;png;wav;mfcribbon-ms</Extensions>
    </Filter>
    <Filter Include="Header Files\b3d">
      <UniqueIdentifier>{58c08970-568e-4416-bd59-ef1c1889c12b}</UniqueIdentifier>
    </Filter>
    <Filter Include="Source Files\b3d">
      <UniqueIdentifier>{579797e1-e6e0-4663-aa55-fa15624efb32}</UniqueIdentifier>
    </Filter>
    <Filter Include="Header Files\commands">
      <UniqueIdentifier>{4101a488-fc71-43e6-b3c2-0d2639c5c649}</UniqueIdentifier>
    </Filter>
    <Filter Include="Source Files\commands">
      <UniqueIdentifier>{05dabdf6-79a5-4a62-8582-f2c94bf02e3a}</UniqueIdentifier>
    </Filter>
    <Filter Include="Source Files\gui">
      <UniqueIdentifier>{444d4609-d7d7-411a-ab9a-c25af85f4d32}</UniqueIdentifier>
    </Filter>
    <Filter Include="Header Files\gui">
      <UniqueIdentifier>{d603cd60-1c1d-4dbf-8806-281dcbcc8f4a}</UniqueIdentifier>
    </Filter>
    <Filter Include="Header Files\input">
      <UniqueIdentifier>{92933102-b173-469d-b489-8071fac3e066}</UniqueIdentifier>
    </Filter>
    <Filter Include="Source Files\input">
      <UniqueIdentifier>{9f7c74a0-9eb7-4142-ba44-433792268526}</UniqueIdentifier>
    </Filter>
    <Filter Include="Source Files\mesh">
      <UniqueIdentifier>{59d2ad97-9eab-4cc1-ac04-1f3785c7a0d7}</UniqueIdentifier>
    </Filter>
    <Filter Include="Header Files\mesh">
      <UniqueIdentifier>{f3a31e7f-1fa6-4d21-9fff-78e2410a4907}</UniqueIdentifier>
    </Filter>
    <Filter Include="Header Files\spline">
      <UniqueIdentifier>{f274fd22-e6c5-4b90-a26c-3f2bd0476971}</UniqueIdentifier>
    </Filter>
    <Filter Include="Source Files\spline">
      <UniqueIdentifier>{897d0ca9-9603-48fc-91a2-9b5c932d16d5}</UniqueIdentifier>
    </Filter>
    <Filter Include="Header Files\viewport">
      <UniqueIdentifier>{5d3032c9-3df4-4d54-b6e0-417ade2e91c7}</UniqueIdentifier>
    </Filter>
    <Filter Include="Source Files\viewport">
      <UniqueIdentifier>{0e4810b5-2d9a-4e12-8ed7-fb8b0da86507}</UniqueIdentifier>
    </Filter>
  </ItemGroup>
  <ItemGroup>
    <ClCompile Include="..\..\src\track.cpp">
      <Filter>Source Files</Filter>
    </ClCompile>
    <ClCompile Include="..\..\src\editor.cpp">
      <Filter>Source Files</Filter>
    </ClCompile>
    <ClCompile Include="..\..\src\main.cpp">
      <Filter>Source Files</Filter>
    </ClCompile>
    <ClCompile Include="..\..\src\b3d\B3DMeshWriter.cpp">
      <Filter>Source Files\b3d</Filter>
    </ClCompile>
    <ClCompile Include="..\..\src\commands\texmod_cmd.cpp">
      <Filter>Source Files\commands</Filter>
    </ClCompile>
    <ClCompile Include="..\..\src\commands\road_cmd.cpp">
      <Filter>Source Files\commands</Filter>
    </ClCompile>
    <ClCompile Include="..\..\src\commands\iobject_cmd.cpp">
      <Filter>Source Files\commands</Filter>
    </ClCompile>
    <ClCompile Include="..\..\src\commands\height_mod_cmd.cpp">
      <Filter>Source Files\commands</Filter>
    </ClCompile>
    <ClCompile Include="..\..\src\commands\command_handler.cpp">
      <Filter>Source Files\commands</Filter>
    </ClCompile>
    <ClCompile Include="..\..\src\gui\element.cpp">
      <Filter>Source Files\gui</Filter>
    </ClCompile>
    <ClCompile Include="..\..\src\gui\env_panel.cpp">
      <Filter>Source Files\gui</Filter>
    </ClCompile>
    <ClCompile Include="..\..\src\gui\extra_panel.cpp">
      <Filter>Source Files\gui</Filter>
    </ClCompile>
    <ClCompile Include="..\..\src\gui\library.cpp">
      <Filter>Source Files\gui</Filter>
    </ClCompile>
    <ClCompile Include="..\..\src\gui\msg_wndw.cpp">
      <Filter>Source Files\gui</Filter>
    </ClCompile>
    <ClCompile Include="..\..\src\gui\new_dialog_wndw.cpp">
      <Filter>Source Files\gui</Filter>
    </ClCompile>
    <ClCompile Include="..\..\src\gui\road_cross_section_wndw.cpp">
      <Filter>Source Files\gui</Filter>
    </ClCompile>
    <ClCompile Include="..\..\src\gui\road_panel.cpp">
      <Filter>Source Files\gui</Filter>
    </ClCompile>
    <ClCompile Include="..\..\src\gui\terr_panel.cpp">
      <Filter>Source Files\gui</Filter>
    </ClCompile>
    <ClCompile Include="..\..\src\gui\tex_sel.cpp">
      <Filter>Source Files\gui</Filter>
    </ClCompile>
    <ClCompile Include="..\..\src\gui\toolbar.cpp">
      <Filter>Source Files\gui</Filter>
    </ClCompile>
    <ClCompile Include="..\..\src\gui\toolbox.cpp">
      <Filter>Source Files\gui</Filter>
    </ClCompile>
    <ClCompile Include="..\..\src\gui\welcome_screen.cpp">
      <Filter>Source Files\gui</Filter>
    </ClCompile>
    <ClCompile Include="..\..\src\input\mouse.cpp">
      <Filter>Source Files\input</Filter>
    </ClCompile>
    <ClCompile Include="..\..\src\mesh\driveline.cpp">
      <Filter>Source Files\mesh</Filter>
    </ClCompile>
    <ClCompile Include="..\..\src\mesh\iroad.cpp">
      <Filter>Source Files\mesh</Filter>
    </ClCompile>
    <ClCompile Include="..\..\src\mesh\road.cpp">
      <Filter>Source Files\mesh</Filter>
    </ClCompile>
    <ClCompile Include="..\..\src\mesh\sky.cpp">
      <Filter>Source Files\mesh</Filter>
    </ClCompile>
    <ClCompile Include="..\..\src\mesh\terrain.cpp">
      <Filter>Source Files\mesh</Filter>
    </ClCompile>
    <ClCompile Include="..\..\src\spline\bezier.cpp">
      <Filter>Source Files\spline</Filter>
    </ClCompile>
    <ClCompile Include="..\..\src\spline\ispline.cpp">
      <Filter>Source Files\spline</Filter>
    </ClCompile>
    <ClCompile Include="..\..\src\spline\tcr.cpp">
      <Filter>Source Files\spline</Filter>
    </ClCompile>
    <ClCompile Include="..\..\src\viewport\aztec_camera.cpp">
      <Filter>Source Files\viewport</Filter>
    </ClCompile>
    <ClCompile Include="..\..\src\viewport\checkline_handler.cpp">
      <Filter>Source Files\viewport</Filter>
    </ClCompile>
    <ClCompile Include="..\..\src\viewport\indicator.cpp">
      <Filter>Source Files\viewport</Filter>
    </ClCompile>
    <ClCompile Include="..\..\src\viewport\selection_handler.cpp">
      <Filter>Source Files\viewport</Filter>
    </ClCompile>
    <ClCompile Include="..\..\src\viewport\viewport.cpp">
      <Filter>Source Files\viewport</Filter>
    </ClCompile>
  </ItemGroup>
  <ItemGroup>
    <ClInclude Include="..\..\src\editor.hpp">
      <Filter>Header Files</Filter>
    </ClInclude>
    <ClInclude Include="..\..\src\track.hpp">
      <Filter>Header Files</Filter>
    </ClInclude>
    <ClInclude Include="..\..\src\b3d\SB3DStructs.h">
      <Filter>Header Files\b3d</Filter>
    </ClInclude>
    <ClInclude Include="..\..\src\b3d\B3DMeshWriter.h">
      <Filter>Header Files\b3d</Filter>
    </ClInclude>
    <ClInclude Include="..\..\src\commands\texmod_cmd.hpp">
      <Filter>Header Files\commands</Filter>
    </ClInclude>
    <ClInclude Include="..\..\src\commands\road_cmd.hpp">
      <Filter>Header Files\commands</Filter>
    </ClInclude>
    <ClInclude Include="..\..\src\commands\rcs_cmd.hpp">
      <Filter>Header Files\commands</Filter>
    </ClInclude>
    <ClInclude Include="..\..\src\commands\iterrain_cmd.hpp">
      <Filter>Header Files\commands</Filter>
    </ClInclude>
    <ClInclude Include="..\..\src\commands\iobject_cmd.hpp">
      <Filter>Header Files\commands</Filter>
    </ClInclude>
    <ClInclude Include="..\..\src\commands\icmd.hpp">
      <Filter>Header Files\commands</Filter>
    </ClInclude>
    <ClInclude Include="..\..\src\commands\height_mod_cmd.hpp">
      <Filter>Header Files\commands</Filter>
    </ClInclude>
    <ClInclude Include="..\..\src\commands\create_road_cmd.hpp">
      <Filter>Header Files\commands</Filter>
    </ClInclude>
    <ClInclude Include="..\..\src\commands\command_handler.hpp">
      <Filter>Header Files\commands</Filter>
    </ClInclude>
    <ClInclude Include="..\..\src\commands\cl_cmd.hpp">
      <Filter>Header Files\commands</Filter>
    </ClInclude>
    <ClInclude Include="..\..\src\gui\element.hpp">
      <Filter>Header Files\gui</Filter>
    </ClInclude>
    <ClInclude Include="..\..\src\gui\env_panel.hpp">
      <Filter>Header Files\gui</Filter>
    </ClInclude>
    <ClInclude Include="..\..\src\gui\extra_panel.hpp">
      <Filter>Header Files\gui</Filter>
    </ClInclude>
    <ClInclude Include="..\..\src\gui\isubscriber.hpp">
      <Filter>Header Files\gui</Filter>
    </ClInclude>
    <ClInclude Include="..\..\src\gui\library.hpp">
      <Filter>Header Files\gui</Filter>
    </ClInclude>
    <ClInclude Include="..\..\src\gui\msg_wndw.hpp">
      <Filter>Header Files\gui</Filter>
    </ClInclude>
    <ClInclude Include="..\..\src\gui\new_dialog_wndw.hpp">
      <Filter>Header Files\gui</Filter>
    </ClInclude>
    <ClInclude Include="..\..\src\gui\road_cross_section_wndw.hpp">
      <Filter>Header Files\gui</Filter>
    </ClInclude>
    <ClInclude Include="..\..\src\gui\road_panel.hpp">
      <Filter>Header Files\gui</Filter>
    </ClInclude>
    <ClInclude Include="..\..\src\gui\terr_panel.hpp">
      <Filter>Header Files\gui</Filter>
    </ClInclude>
    <ClInclude Include="..\..\src\gui\tex_sel.hpp">
      <Filter>Header Files\gui</Filter>
    </ClInclude>
    <ClInclude Include="..\..\src\gui\toolbar.hpp">
      <Filter>Header Files\gui</Filter>
    </ClInclude>
    <ClInclude Include="..\..\src\gui\toolbox.hpp">
      <Filter>Header Files\gui</Filter>
    </ClInclude>
    <ClInclude Include="..\..\src\gui\welcome_screen.hpp">
      <Filter>Header Files\gui</Filter>
    </ClInclude>
    <ClInclude Include="..\..\src\input\keys.hpp">
      <Filter>Header Files\input</Filter>
    </ClInclude>
    <ClInclude Include="..\..\src\input\mouse.hpp">
      <Filter>Header Files\input</Filter>
    </ClInclude>
    <ClInclude Include="..\..\src\mesh\driveline.hpp">
      <Filter>Header Files\mesh</Filter>
    </ClInclude>
    <ClInclude Include="..\..\src\mesh\iroad.hpp">
      <Filter>Header Files\mesh</Filter>
    </ClInclude>
    <ClInclude Include="..\..\src\mesh\mesh_structs.hpp">
      <Filter>Header Files\mesh</Filter>
    </ClInclude>
    <ClInclude Include="..\..\src\mesh\road.hpp">
      <Filter>Header Files\mesh</Filter>
    </ClInclude>
    <ClInclude Include="..\..\src\mesh\shader.hpp">
      <Filter>Header Files\mesh</Filter>
    </ClInclude>
    <ClInclude Include="..\..\src\mesh\sky.hpp">
      <Filter>Header Files\mesh</Filter>
    </ClInclude>
    <ClInclude Include="..\..\src\mesh\terrain.hpp">
      <Filter>Header Files\mesh</Filter>
    </ClInclude>
    <ClInclude Include="..\..\src\spline\bezier.hpp">
      <Filter>Header Files\spline</Filter>
    </ClInclude>
    <ClInclude Include="..\..\src\spline\ispline.hpp">
      <Filter>Header Files\spline</Filter>
    </ClInclude>
    <ClInclude Include="..\..\src\spline\tcr.hpp">
      <Filter>Header Files\spline</Filter>
    </ClInclude>
    <ClInclude Include="..\..\src\viewport\aztec_camera.hpp">
      <Filter>Header Files\viewport</Filter>
    </ClInclude>
    <ClInclude Include="..\..\src\viewport\checkline_handler.hpp">
      <Filter>Header Files\viewport</Filter>
    </ClInclude>
    <ClInclude Include="..\..\src\viewport\indicator.hpp">
      <Filter>Header Files\viewport</Filter>
    </ClInclude>
    <ClInclude Include="..\..\src\viewport\selection_handler.hpp">
      <Filter>Header Files\viewport</Filter>
    </ClInclude>
    <ClInclude Include="..\..\src\viewport\viewport.hpp">
      <Filter>Header Files\viewport</Filter>
    </ClInclude>
  </ItemGroup>
</Project>